
Microsoft Visual Studio Solution File, Format Version 12.00
# Visual Studio 15
VisualStudioVersion = 15.0.28307.1800
MinimumVisualStudioVersion = 10.0.40219.1
Project("{FAE04EC0-301F-11D3-BF4B-00C04F79EFBC}") = "Proyecto de Aula (Visual)", "Proyecto de Aula (Visual)\Proyecto de Aula (Visual).csproj", "{CE4AAE72-5F29-4A4F-8FB4-1D31340E1B58}"
EndProject
Project("{FAE04EC0-301F-11D3-BF4B-00C04F79EFBC}") = "Pruebas_Unitarias", "Pruebas_Unitarias\Pruebas_Unitarias.csproj", "{CB80370E-0007-48E8-B028-2C4DF4F0F5A9}"
EndProject
Global
	GlobalSection(SolutionConfigurationPlatforms) = preSolution
		Debug|Any CPU = Debug|Any CPU
		Release|Any CPU = Release|Any CPU
	EndGlobalSection
	GlobalSection(ProjectConfigurationPlatforms) = postSolution
		{CE4AAE72-5F29-4A4F-8FB4-1D31340E1B58}.Debug|Any CPU.ActiveCfg = Debug|Any CPU
		{CE4AAE72-5F29-4A4F-8FB4-1D31340E1B58}.Debug|Any CPU.Build.0 = Debug|Any CPU
		{CE4AAE72-5F29-4A4F-8FB4-1D31340E1B58}.Release|Any CPU.ActiveCfg = Release|Any CPU
		{CE4AAE72-5F29-4A4F-8FB4-1D31340E1B58}.Release|Any CPU.Build.0 = Release|Any CPU
		{CB80370E-0007-48E8-B028-2C4DF4F0F5A9}.Debug|Any CPU.ActiveCfg = Debug|Any CPU
		{CB80370E-0007-48E8-B028-2C4DF4F0F5A9}.Debug|Any CPU.Build.0 = Debug|Any CPU
		{CB80370E-0007-48E8-B028-2C4DF4F0F5A9}.Release|Any CPU.ActiveCfg = Release|Any CPU
		{CB80370E-0007-48E8-B028-2C4DF4F0F5A9}.Release|Any CPU.Build.0 = Release|Any CPU
	EndGlobalSection
	GlobalSection(SolutionProperties) = preSolution
		HideSolutionNode = FALSE
	EndGlobalSection
	GlobalSection(ExtensibilityGlobals) = postSolution
		SolutionGuid = {839011EC-9082-476F-BE91-8CEF21CFC6A5}
	EndGlobalSection
EndGlobal
